
Microsoft Visual Studio Solution File, Format Version 12.00
# Visual Studio Version 17
VisualStudioVersion = 17.6.33723.286
MinimumVisualStudioVersion = 10.0.40219.1
Project("{FAE04EC0-301F-11D3-BF4B-00C04F79EFBC}") = "PilhaArray", "PilhaArray.csproj", "{44567402-BF72-4E1C-99B4-695DDD21F511}"
EndProject
Global
	GlobalSection(SolutionConfigurationPlatforms) = preSolution
		Debug|Any CPU = Debug|Any CPU
		Release|Any CPU = Release|Any CPU
	EndGlobalSection
	GlobalSection(ProjectConfigurationPlatforms) = postSolution
		{44567402-BF72-4E1C-99B4-695DDD21F511}.Debug|Any CPU.ActiveCfg = Debug|Any CPU
		{44567402-BF72-4E1C-99B4-695DDD21F511}.Debug|Any CPU.Build.0 = Debug|Any CPU
		{44567402-BF72-4E1C-99B4-695DDD21F511}.Release|Any CPU.ActiveCfg = Release|Any CPU
		{44567402-BF72-4E1C-99B4-695DDD21F511}.Release|Any CPU.Build.0 = Release|Any CPU
	EndGlobalSection
	GlobalSection(SolutionProperties) = preSolution
		HideSolutionNode = FALSE
	EndGlobalSection
	GlobalSection(ExtensibilityGlobals) = postSolution
		SolutionGuid = {14AA75E1-2748-4A81-BB73-76FE998644FE}
	EndGlobalSection
EndGlobal
